github.com/coreos/go-oidc/v3 v3.8.0/go.mod h1:yQzSCqBnK3e6Fs5l+f5i0F8Kwf0zpH9bPEsbY00KanM=
github.com/gin-contrib/sessions v0.0.5/go.mod h1:vYAuaUPqie3WUSsft6HUlCjlwwoJQs97miaG2+7neKY=
github.com/gin-gonic/gin v1.9.1/go.mod h1:hPrL7YrpYKXt5YId3A/Tnip5kqbEAP+KLuI3SUcPTeU=
github.com/joho/godotenv v1.5.1/go.mod h1:f4LDr5Voq0i2e/R5DDNOoa2zzDfwtkZa6DnEwAbqwq4=
golang.org/x/oauth2 v0.15.0/go.mod h1:q48ptWNTY5XWf+JNten23lcvHpLJ0ZSxF5ttTHKVCAM=
